# This file is automatically @generated by Wally.
# It is not intended for manual editing.
registry = "test"

[[package]]
name = "1foreverhd/topbarplus"
version = "3.4.0"
dependencies = []

[[package]]
name = "evaera/promise"
version = "4.0.0"
dependencies = []

[[package]]
name = "foxi35338/eg"
version = "0.1.0"
dependencies = [["Icon", "1foreverhd/topbarplus@3.4.0"], ["Janitor", "howmanysmall/janitor@1.18.3"], ["Signal", "stravant/goodsignal@0.2.1"], ["ProfileStore", "vyon/profilestore@1.0.3"]]

[[package]]
name = "howmanysmall/janitor"
version = "1.18.3"
dependencies = [["Promise", "howmanysmall/typed-promise@4.0.6"]]

[[package]]
name = "howmanysmall/typed-promise"
version = "4.0.6"
dependencies = [["Promise", "evaera/promise@4.0.0"]]

[[package]]
name = "stravant/goodsignal"
version = "0.2.1"
dependencies = []

[[package]]
name = "vyon/profilestore"
version = "1.0.3"
dependencies = []
